
Microsoft Visual Studio Solution File, Format Version 12.00
# Visual Studio Version 17
VisualStudioVersion = 17.14.36623.8
MinimumVisualStudioVersion = 10.0.40219.1
Project("{FAE04EC0-301F-11D3-BF4B-00C04F79EFBC}") = "JsonToMidiConverter", "JsonToMidiConverter\JsonToMidiConverter.csproj", "{4394DF93-45F9-4D6F-B25F-E0759C16D473}"
EndProject
Project("{FAE04EC0-301F-11D3-BF4B-00C04F79EFBC}") = "Api", "Api\Api.csproj", "{D5145C98-2A1F-41AB-ADF4-CC6767887460}"
EndProject
Project("{FAE04EC0-301F-11D3-BF4B-00C04F79EFBC}") = "Api.Models", "Api.Models\Api.Models.csproj", "{396B8060-C1DE-40F9-B404-72C1605571C1}"
EndProject
Project("{FAE04EC0-301F-11D3-BF4B-00C04F79EFBC}") = "Serializer", "Serializer\Serializer.csproj", "{FA536ECC-54BB-4086-A04F-4C703DE2C7B5}"
EndProject
Project("{FAE04EC0-301F-11D3-BF4B-00C04F79EFBC}") = "Api.Models.Generator", "Api.Models.Generator\Api.Models.Generator.csproj", "{E2712C4B-86C4-4A54-9FA9-E9EE2178B4DD}"
EndProject
Global
	GlobalSection(SolutionConfigurationPlatforms) = preSolution
		Debug|Any CPU = Debug|Any CPU
		Release|Any CPU = Release|Any CPU
	EndGlobalSection
	GlobalSection(ProjectConfigurationPlatforms) = postSolution
		{4394DF93-45F9-4D6F-B25F-E0759C16D473}.Debug|Any CPU.ActiveCfg = Debug|Any CPU
		{4394DF93-45F9-4D6F-B25F-E0759C16D473}.Debug|Any CPU.Build.0 = Debug|Any CPU
		{4394DF93-45F9-4D6F-B25F-E0759C16D473}.Release|Any CPU.ActiveCfg = Release|Any CPU
		{4394DF93-45F9-4D6F-B25F-E0759C16D473}.Release|Any CPU.Build.0 = Release|Any CPU
		{D5145C98-2A1F-41AB-ADF4-CC6767887460}.Debug|Any CPU.ActiveCfg = Debug|Any CPU
		{D5145C98-2A1F-41AB-ADF4-CC6767887460}.Debug|Any CPU.Build.0 = Debug|Any CPU
		{D5145C98-2A1F-41AB-ADF4-CC6767887460}.Release|Any CPU.ActiveCfg = Release|Any CPU
		{D5145C98-2A1F-41AB-ADF4-CC6767887460}.Release|Any CPU.Build.0 = Release|Any CPU
		{396B8060-C1DE-40F9-B404-72C1605571C1}.Debug|Any CPU.ActiveCfg = Debug|Any CPU
		{396B8060-C1DE-40F9-B404-72C1605571C1}.Debug|Any CPU.Build.0 = Debug|Any CPU
		{396B8060-C1DE-40F9-B404-72C1605571C1}.Release|Any CPU.ActiveCfg = Release|Any CPU
		{396B8060-C1DE-40F9-B404-72C1605571C1}.Release|Any CPU.Build.0 = Release|Any CPU
		{FA536ECC-54BB-4086-A04F-4C703DE2C7B5}.Debug|Any CPU.ActiveCfg = Debug|Any CPU
		{FA536ECC-54BB-4086-A04F-4C703DE2C7B5}.Debug|Any CPU.Build.0 = Debug|Any CPU
		{FA536ECC-54BB-4086-A04F-4C703DE2C7B5}.Release|Any CPU.ActiveCfg = Release|Any CPU
		{FA536ECC-54BB-4086-A04F-4C703DE2C7B5}.Release|Any CPU.Build.0 = Release|Any CPU
		{E2712C4B-86C4-4A54-9FA9-E9EE2178B4DD}.Debug|Any CPU.ActiveCfg = Debug|Any CPU
		{E2712C4B-86C4-4A54-9FA9-E9EE2178B4DD}.Debug|Any CPU.Build.0 = Debug|Any CPU
		{E2712C4B-86C4-4A54-9FA9-E9EE2178B4DD}.Release|Any CPU.ActiveCfg = Release|Any CPU
		{E2712C4B-86C4-4A54-9FA9-E9EE2178B4DD}.Release|Any CPU.Build.0 = Release|Any CPU
	EndGlobalSection
	GlobalSection(SolutionProperties) = preSolution
		HideSolutionNode = FALSE
	EndGlobalSection
	GlobalSection(ExtensibilityGlobals) = postSolution
		SolutionGuid = {76B49555-13F9-4478-8659-613E85B5A670}
	EndGlobalSection
EndGlobal
