Microsoft Visual Studio Solution File, Format Version 12.00
# Visual Studio Version 17
VisualStudioVersion = 17.5.2.0
MinimumVisualStudioVersion = 10.0.40219.1
Project("{FAE04EC0-301F-11D3-BF4B-00C04F79EFBC}") = "JsonToMidiConverter", "JsonToMidiConverter.csproj", "{5136A45E-3A42-9228-093D-4AE37E866588}"
EndProject
Global
	GlobalSection(SolutionConfigurationPlatforms) = preSolution
		Debug|Any CPU = Debug|Any CPU
		Release|Any CPU = Release|Any CPU
	EndGlobalSection
	GlobalSection(ProjectConfigurationPlatforms) = postSolution
		{5136A45E-3A42-9228-093D-4AE37E866588}.Debug|Any CPU.ActiveCfg = Debug|Any CPU
		{5136A45E-3A42-9228-093D-4AE37E866588}.Debug|Any CPU.Build.0 = Debug|Any CPU
		{5136A45E-3A42-9228-093D-4AE37E866588}.Release|Any CPU.ActiveCfg = Release|Any CPU
		{5136A45E-3A42-9228-093D-4AE37E866588}.Release|Any CPU.Build.0 = Release|Any CPU
	EndGlobalSection
	GlobalSection(SolutionProperties) = preSolution
		HideSolutionNode = FALSE
	EndGlobalSection
	GlobalSection(ExtensibilityGlobals) = postSolution
		SolutionGuid = {6DB2D3AF-0AE5-4013-B991-68859E78ABE8}
	EndGlobalSection
EndGlobal
